// !$*UTF8*$!
{
	archiveVersion = 1;
	classes = {
	};
	objectVersion = 50;
	objects = {

/* Begin PBXBuildFile section */
		956AF45C21694BE6009E6A16 /* AppDelegate.swift in Sources */ = {isa = PBXBuildFile; fileRef = 956AF45B21694BE6009E6A16 /* AppDelegate.swift */; };
		956AF46121694BE6009E6A16 /* Main.storyboard in Resources */ = {isa = PBXBuildFile; fileRef = 956AF45F21694BE6009E6A16 /* Main.storyboard */; };
		956AF46321694BE8009E6A16 /* Assets.xcassets in Resources */ = {isa = PBXBuildFile; fileRef = 956AF46221694BE8009E6A16 /* Assets.xcassets */; };
		956AF46621694BE8009E6A16 /* LaunchScreen.storyboard in Resources */ = {isa = PBXBuildFile; fileRef = 956AF46421694BE8009E6A16 /* LaunchScreen.storyboard */; };
		956AF47421695715009E6A16 /* HTTPRequestMaker.swift in Sources */ = {isa = PBXBuildFile; fileRef = 956AF47321695715009E6A16 /* HTTPRequestMaker.swift */; };
		956AF47721695ACE009E6A16 /* Config.swift in Sources */ = {isa = PBXBuildFile; fileRef = 956AF47621695ACE009E6A16 /* Config.swift */; };
		956AF47921695B6E009E6A16 /* Spaceship.swift in Sources */ = {isa = PBXBuildFile; fileRef = 956AF47821695B6E009E6A16 /* Spaceship.swift */; };
		956AF47E21696370009E6A16 /* Passenger.swift in Sources */ = {isa = PBXBuildFile; fileRef = 956AF47D21696370009E6A16 /* Passenger.swift */; };
		956AF48321696690009E6A16 /* SpaceshipManager.swift in Sources */ = {isa = PBXBuildFile; fileRef = 956AF48221696690009E6A16 /* SpaceshipManager.swift */; };
		956AF4852169670B009E6A16 /* PassengerManager.swift in Sources */ = {isa = PBXBuildFile; fileRef = 956AF4842169670B009E6A16 /* PassengerManager.swift */; };
		956AF48721696750009E6A16 /* SpaceshipNotifier.swift in Sources */ = {isa = PBXBuildFile; fileRef = 956AF48621696750009E6A16 /* SpaceshipNotifier.swift */; };
		956AF489216967CC009E6A16 /* IntExtension.swift in Sources */ = {isa = PBXBuildFile; fileRef = 956AF488216967CC009E6A16 /* IntExtension.swift */; };
		956AF48B21696843009E6A16 /* TimeIntervalExtension.swift in Sources */ = {isa = PBXBuildFile; fileRef = 956AF48A21696843009E6A16 /* TimeIntervalExtension.swift */; };
		956AF48D21696943009E6A16 /* LiveLocationViewController.swift in Sources */ = {isa = PBXBuildFile; fileRef = 956AF48C21696943009E6A16 /* LiveLocationViewController.swift */; };
		956AF49021696A9B009E6A16 /* LiveLocation.storyboard in Resources */ = {isa = PBXBuildFile; fileRef = 956AF48F21696A9B009E6A16 /* LiveLocation.storyboard */; };
		956AF49221696B06009E6A16 /* PassengersViewController.swift in Sources */ = {isa = PBXBuildFile; fileRef = 956AF49121696B06009E6A16 /* PassengersViewController.swift */; };
		956AF49521696C04009E6A16 /* Passengers.storyboard in Resources */ = {isa = PBXBuildFile; fileRef = 956AF49421696C04009E6A16 /* Passengers.storyboard */; };
		956AF49721696C71009E6A16 /* IssPassViewController.swift in Sources */ = {isa = PBXBuildFile; fileRef = 956AF49621696C71009E6A16 /* IssPassViewController.swift */; };
		956AF49B21696D0B009E6A16 /* IssPass.storyboard in Resources */ = {isa = PBXBuildFile; fileRef = 956AF49921696D0B009E6A16 /* IssPass.storyboard */; };
		956AF49D21696DDB009E6A16 /* IssHoveringViewController.swift in Sources */ = {isa = PBXBuildFile; fileRef = 956AF49C21696DDB009E6A16 /* IssHoveringViewController.swift */; };
		956AF4A021696E7E009E6A16 /* IssHovering.storyboard in Resources */ = {isa = PBXBuildFile; fileRef = 956AF49F21696E7E009E6A16 /* IssHovering.storyboard */; };
/* End PBXBuildFile section */

/* Begin PBXFileReference section */
		956AF45821694BE6009E6A16 /* IssProject.app */ = {isa = PBXFileReference; explicitFileType = wrapper.application; includeInIndex = 0; path = IssProject.app; sourceTree = BUILT_PRODUCTS_DIR; };
		956AF45B21694BE6009E6A16 /* AppDelegate.swift */ = {isa = PBXFileReference; lastKnownFileType = sourcecode.swift; path = AppDelegate.swift; sourceTree = "<group>"; };
		956AF46021694BE6009E6A16 /* Base */ = {isa = PBXFileReference; lastKnownFileType = file.storyboard; name = Base; path = Base.lproj/Main.storyboard; sourceTree = "<group>"; };
		956AF46221694BE8009E6A16 /* Assets.xcassets */ = {isa = PBXFileReference; lastKnownFileType = folder.assetcatalog; path = Assets.xcassets; sourceTree = "<group>"; };
		956AF46521694BE8009E6A16 /* Base */ = {isa = PBXFileReference; lastKnownFileType = file.storyboard; name = Base; path = Base.lproj/LaunchScreen.storyboard; sourceTree = "<group>"; };
		956AF46721694BE8009E6A16 /* Info.plist */ = {isa = PBXFileReference; lastKnownFileType = text.plist.xml; path = Info.plist; sourceTree = "<group>"; };
		956AF47321695715009E6A16 /* HTTPRequestMaker.swift */ = {isa = PBXFileReference; lastKnownFileType = sourcecode.swift; path = HTTPRequestMaker.swift; sourceTree = "<group>"; };
		956AF47621695ACE009E6A16 /* Config.swift */ = {isa = PBXFileReference; lastKnownFileType = sourcecode.swift; path = Config.swift; sourceTree = "<group>"; };
		956AF47821695B6E009E6A16 /* Spaceship.swift */ = {isa = PBXFileReference; lastKnownFileType = sourcecode.swift; path = Spaceship.swift; sourceTree = "<group>"; };
		956AF47D21696370009E6A16 /* Passenger.swift */ = {isa = PBXFileReference; lastKnownFileType = sourcecode.swift; path = Passenger.swift; sourceTree = "<group>"; };
		956AF48221696690009E6A16 /* SpaceshipManager.swift */ = {isa = PBXFileReference; lastKnownFileType = sourcecode.swift; path = SpaceshipManager.swift; sourceTree = "<group>"; };
		956AF4842169670B009E6A16 /* PassengerManager.swift */ = {isa = PBXFileReference; lastKnownFileType = sourcecode.swift; path = PassengerManager.swift; sourceTree = "<group>"; };
		956AF48621696750009E6A16 /* SpaceshipNotifier.swift */ = {isa = PBXFileReference; lastKnownFileType = sourcecode.swift; path = SpaceshipNotifier.swift; sourceTree = "<group>"; };
		956AF488216967CC009E6A16 /* IntExtension.swift */ = {isa = PBXFileReference; lastKnownFileType = sourcecode.swift; path = IntExtension.swift; sourceTree = "<group>"; };
		956AF48A21696843009E6A16 /* TimeIntervalExtension.swift */ = {isa = PBXFileReference; lastKnownFileType = sourcecode.swift; path = TimeIntervalExtension.swift; sourceTree = "<group>"; };
		956AF48C21696943009E6A16 /* LiveLocationViewController.swift */ = {isa = PBXFileReference; lastKnownFileType = sourcecode.swift; path = LiveLocationViewController.swift; sourceTree = "<group>"; };
		956AF48F21696A9B009E6A16 /* LiveLocation.storyboard */ = {isa = PBXFileReference; fileEncoding = 4; lastKnownFileType = file.storyboard; path = LiveLocation.storyboard; sourceTree = "<group>"; };
		956AF49121696B06009E6A16 /* PassengersViewController.swift */ = {isa = PBXFileReference; lastKnownFileType = sourcecode.swift; path = PassengersViewController.swift; sourceTree = "<group>"; };
		956AF49421696C04009E6A16 /* Passengers.storyboard */ = {isa = PBXFileReference; fileEncoding = 4; lastKnownFileType = file.storyboard; path = Passengers.storyboard; sourceTree = "<group>"; };
		956AF49621696C71009E6A16 /* IssPassViewController.swift */ = {isa = PBXFileReference; lastKnownFileType = sourcecode.swift; path = IssPassViewController.swift; sourceTree = "<group>"; };
		956AF49A21696D0B009E6A16 /* Base */ = {isa = PBXFileReference; lastKnownFileType = file.storyboard; name = Base; path = IssProject/UI/Main/Base.lproj/IssPass.storyboard; sourceTree = "<group>"; };
		956AF49C21696DDB009E6A16 /* IssHoveringViewController.swift */ = {isa = PBXFileReference; lastKnownFileType = sourcecode.swift; path = IssHoveringViewController.swift; sourceTree = "<group>"; };
		956AF49F21696E7E009E6A16 /* IssHovering.storyboard */ = {isa = PBXFileReference; fileEncoding = 4; lastKnownFileType = file.storyboard; path = IssHovering.storyboard; sourceTree = "<group>"; };
/* End PBXFileReference section */

/* Begin PBXFrameworksBuildPhase section */
		956AF45521694BE6009E6A16 /* Frameworks */ = {
			isa = PBXFrameworksBuildPhase;
			buildActionMask = 2147483647;
			files = (
			);
			runOnlyForDeploymentPostprocessing = 0;
		};
/* End PBXFrameworksBuildPhase section */

/* Begin PBXGroup section */
		956AF44F21694BE6009E6A16 = {
			isa = PBXGroup;
			children = (
				956AF45A21694BE6009E6A16 /* IssProject */,
				956AF45921694BE6009E6A16 /* Products */,
			);
			sourceTree = "<group>";
		};
		956AF45921694BE6009E6A16 /* Products */ = {
			isa = PBXGroup;
			children = (
				956AF45821694BE6009E6A16 /* IssProject.app */,
			);
			name = Products;
			sourceTree = "<group>";
		};
		956AF45A21694BE6009E6A16 /* IssProject */ = {
			isa = PBXGroup;
			children = (
				956AF47A21695CEE009E6A16 /* API */,
				956AF47521695A49009E6A16 /* Helper */,
				956AF47121694EDD009E6A16 /* Extension */,
				956AF47221694F25009E6A16 /* UI */,
				956AF47021694CCE009E6A16 /* Misc */,
				956AF46F21694CBB009E6A16 /* Controller */,
				956AF46E21694CA4009E6A16 /* View */,
				956AF46D21694C8D009E6A16 /* Model */,
				956AF47F216964A8009E6A16 /* Manager */,
			);
			path = IssProject;
			sourceTree = "<group>";
		};
		956AF46D21694C8D009E6A16 /* Model */ = {
			isa = PBXGroup;
			children = (
				956AF47821695B6E009E6A16 /* Spaceship.swift */,
				956AF47D21696370009E6A16 /* Passenger.swift */,
			);
			path = Model;
			sourceTree = "<group>";
		};
		956AF46E21694CA4009E6A16 /* View */ = {
			isa = PBXGroup;
			children = (
			);
			path = View;
			sourceTree = "<group>";
		};
		956AF46F21694CBB009E6A16 /* Controller */ = {
			isa = PBXGroup;
			children = (
				956AF48C21696943009E6A16 /* LiveLocationViewController.swift */,
				956AF49121696B06009E6A16 /* PassengersViewController.swift */,
				956AF49621696C71009E6A16 /* IssPassViewController.swift */,
				956AF49C21696DDB009E6A16 /* IssHoveringViewController.swift */,
			);
			path = Controller;
			sourceTree = "<group>";
		};
		956AF47021694CCE009E6A16 /* Misc */ = {
			isa = PBXGroup;
			children = (
				956AF45B21694BE6009E6A16 /* AppDelegate.swift */,
				956AF46221694BE8009E6A16 /* Assets.xcassets */,
				956AF46721694BE8009E6A16 /* Info.plist */,
			);
			path = Misc;
			sourceTree = "<group>";
		};
		956AF47121694EDD009E6A16 /* Extension */ = {
			isa = PBXGroup;
			children = (
				956AF488216967CC009E6A16 /* IntExtension.swift */,
				956AF48A21696843009E6A16 /* TimeIntervalExtension.swift */,
			);
			path = Extension;
			sourceTree = "<group>";
		};
		956AF47221694F25009E6A16 /* UI */ = {
			isa = PBXGroup;
			children = (
				956AF49E21696E4E009E6A16 /* IssHovering */,
				956AF49821696CCC009E6A16 /* IssPass */,
				956AF49321696B90009E6A16 /* Passengers */,
				956AF48E21696A6E009E6A16 /* LiveLocation */,
				956AF47C21695E5C009E6A16 /* Main */,
				956AF47B21695DEF009E6A16 /* LaunchScreen */,
			);
			path = UI;
			sourceTree = "<group>";
		};
		956AF47521695A49009E6A16 /* Helper */ = {
			isa = PBXGroup;
			children = (
				956AF47321695715009E6A16 /* HTTPRequestMaker.swift */,
			);
			path = Helper;
			sourceTree = "<group>";
		};
		956AF47A21695CEE009E6A16 /* API */ = {
			isa = PBXGroup;
			children = (
				956AF47621695ACE009E6A16 /* Config.swift */,
			);
			path = API;
			sourceTree = "<group>";
		};
		956AF47B21695DEF009E6A16 /* LaunchScreen */ = {
			isa = PBXGroup;
			children = (
				956AF46421694BE8009E6A16 /* LaunchScreen.storyboard */,
			);
			path = LaunchScreen;
			sourceTree = "<group>";
		};
		956AF47C21695E5C009E6A16 /* Main */ = {
			isa = PBXGroup;
			children = (
				956AF45F21694BE6009E6A16 /* Main.storyboard */,
			);
			path = Main;
			sourceTree = "<group>";
		};
		956AF47F216964A8009E6A16 /* Manager */ = {
			isa = PBXGroup;
			children = (
				956AF48221696690009E6A16 /* SpaceshipManager.swift */,
				956AF4842169670B009E6A16 /* PassengerManager.swift */,
				956AF48621696750009E6A16 /* SpaceshipNotifier.swift */,
			);
			path = Manager;
			sourceTree = "<group>";
		};
		956AF48E21696A6E009E6A16 /* LiveLocation */ = {
			isa = PBXGroup;
			children = (
				956AF48F21696A9B009E6A16 /* LiveLocation.storyboard */,
			);
			path = LiveLocation;
			sourceTree = "<group>";
		};
		956AF49321696B90009E6A16 /* Passengers */ = {
			isa = PBXGroup;
			children = (
				956AF49421696C04009E6A16 /* Passengers.storyboard */,
			);
			path = Passengers;
			sourceTree = "<group>";
		};
		956AF49821696CCC009E6A16 /* IssPass */ = {
			isa = PBXGroup;
			children = (
				956AF49921696D0B009E6A16 /* IssPass.storyboard */,
			);
			path = IssPass;
			sourceTree = "<group>";
		};
		956AF49E21696E4E009E6A16 /* IssHovering */ = {
			isa = PBXGroup;
			children = (
				956AF49F21696E7E009E6A16 /* IssHovering.storyboard */,
			);
			path = IssHovering;
			sourceTree = "<group>";
		};
/* End PBXGroup section */

/* Begin PBXNativeTarget section */
		956AF45721694BE6009E6A16 /* IssProject */ = {
			isa = PBXNativeTarget;
			buildConfigurationList = 956AF46A21694BE8009E6A16 /* Build configuration list for PBXNativeTarget "IssProject" */;
			buildPhases = (
				956AF45421694BE6009E6A16 /* Sources */,
				956AF45521694BE6009E6A16 /* Frameworks */,
				956AF45621694BE6009E6A16 /* Resources */,
			);
			buildRules = (
			);
			dependencies = (
			);
			name = IssProject;
			productName = IssProject;
			productReference = 956AF45821694BE6009E6A16 /* IssProject.app */;
			productType = "com.apple.product-type.application";
		};
/* End PBXNativeTarget section */

/* Begin PBXProject section */
		956AF45021694BE6009E6A16 /* Project object */ = {
			isa = PBXProject;
			attributes = {
				LastSwiftUpdateCheck = 1000;
				LastUpgradeCheck = 1000;
				ORGANIZATIONNAME = hicham;
				TargetAttributes = {
					956AF45721694BE6009E6A16 = {
						CreatedOnToolsVersion = 10.0;
					};
				};
			};
			buildConfigurationList = 956AF45321694BE6009E6A16 /* Build configuration list for PBXProject "IssProject" */;
			compatibilityVersion = "Xcode 9.3";
			developmentRegion = en;
			hasScannedForEncodings = 0;
			knownRegions = (
				en,
				Base,
			);
			mainGroup = 956AF44F21694BE6009E6A16;
			productRefGroup = 956AF45921694BE6009E6A16 /* Products */;
			projectDirPath = "";
			projectRoot = "";
			targets = (
				956AF45721694BE6009E6A16 /* IssProject */,
			);
		};
/* End PBXProject section */

/* Begin PBXResourcesBuildPhase section */
		956AF45621694BE6009E6A16 /* Resources */ = {
			isa = PBXResourcesBuildPhase;
			buildActionMask = 2147483647;
			files = (
				956AF46621694BE8009E6A16 /* LaunchScreen.storyboard in Resources */,
				956AF46321694BE8009E6A16 /* Assets.xcassets in Resources */,
				956AF46121694BE6009E6A16 /* Main.storyboard in Resources */,
				956AF49B21696D0B009E6A16 /* IssPass.storyboard in Resources */,
				956AF4A021696E7E009E6A16 /* IssHovering.storyboard in Resources */,
				956AF49021696A9B009E6A16 /* LiveLocation.storyboard in Resources */,
				956AF49521696C04009E6A16 /* Passengers.storyboard in Resources */,
			);
			runOnlyForDeploymentPostprocessing = 0;
		};
/* End PBXResourcesBuildPhase section */

/* Begin PBXSourcesBuildPhase section */
		956AF45421694BE6009E6A16 /* Sources */ = {
			isa = PBXSourcesBuildPhase;
			buildActionMask = 2147483647;
			files = (
				956AF47721695ACE009E6A16 /* Config.swift in Sources */,
				956AF48B21696843009E6A16 /* TimeIntervalExtension.swift in Sources */,
				956AF47421695715009E6A16 /* HTTPRequestMaker.swift in Sources */,
				956AF48721696750009E6A16 /* SpaceshipNotifier.swift in Sources */,
				956AF47E21696370009E6A16 /* Passenger.swift in Sources */,
				956AF4852169670B009E6A16 /* PassengerManager.swift in Sources */,
				956AF49721696C71009E6A16 /* IssPassViewController.swift in Sources */,
				956AF489216967CC009E6A16 /* IntExtension.swift in Sources */,
				956AF49221696B06009E6A16 /* PassengersViewController.swift in Sources */,
				956AF45C21694BE6009E6A16 /* AppDelegate.swift in Sources */,
				956AF49D21696DDB009E6A16 /* IssHoveringViewController.swift in Sources */,
				956AF48321696690009E6A16 /* SpaceshipManager.swift in Sources */,
				956AF48D21696943009E6A16 /* LiveLocationViewController.swift in Sources */,
				956AF47921695B6E009E6A16 /* Spaceship.swift in Sources */,
			);
			runOnlyForDeploymentPostprocessing = 0;
		};
/* End PBXSourcesBuildPhase section */

/* Begin PBXVariantGroup section */
		956AF45F21694BE6009E6A16 /* Main.storyboard */ = {
			isa = PBXVariantGroup;
			children = (
				956AF46021694BE6009E6A16 /* Base */,
			);
			name = Main.storyboard;
			sourceTree = "<group>";
		};
		956AF46421694BE8009E6A16 /* LaunchScreen.storyboard */ = {
			isa = PBXVariantGroup;
			children = (
				956AF46521694BE8009E6A16 /* Base */,
			);
			name = LaunchScreen.storyboard;
			sourceTree = "<group>";
		};
		956AF49921696D0B009E6A16 /* IssPass.storyboard */ = {
			isa = PBXVariantGroup;
			children = (
				956AF49A21696D0B009E6A16 /* Base */,
			);
			name = IssPass.storyboard;
			sourceTree = "<group>";
		};
/* End PBXVariantGroup section */

/* Begin XCBuildConfiguration section */
		956AF46821694BE8009E6A16 /* Debug */ = {
			isa = XCBuildConfiguration;
			buildSettings = {
				ALWAYS_SEARCH_USER_PATHS = NO;
				CLANG_ANALYZER_NONNULL = YES;
				CLANG_ANALYZER_NUMBER_OBJECT_CONVERSION = YES_AGGRESSIVE;
				CLANG_CXX_LANGUAGE_STANDARD = "gnu++14";
				CLANG_CXX_LIBRARY = "libc++";
				CLANG_ENABLE_MODULES = YES;
				CLANG_ENABLE_OBJC_ARC = YES;
				CLANG_ENABLE_OBJC_WEAK = YES;
				CLANG_WARN_BLOCK_CAPTURE_AUTORELEASING = YES;
				CLANG_WARN_BOOL_CONVERSION = YES;
				CLANG_WARN_COMMA = YES;
				CLANG_WARN_CONSTANT_CONVERSION = YES;
				CLANG_WARN_DEPRECATED_OBJC_IMPLEMENTATIONS = YES;
				CLANG_WARN_DIRECT_OBJC_ISA_USAGE = YES_ERROR;
				CLANG_WARN_DOCUMENTATION_COMMENTS = YES;
				CLANG_WARN_EMPTY_BODY = YES;
				CLANG_WARN_ENUM_CONVERSION = YES;
				CLANG_WARN_INFINITE_RECURSION = YES;
				CLANG_WARN_INT_CONVERSION = YES;
				CLANG_WARN_NON_LITERAL_NULL_CONVERSION = YES;
				CLANG_WARN_OBJC_IMPLICIT_RETAIN_SELF = YES;
				CLANG_WARN_OBJC_LITERAL_CONVERSION = YES;
				CLANG_WARN_OBJC_ROOT_CLASS = YES_ERROR;
				CLANG_WARN_RANGE_LOOP_ANALYSIS = YES;
				CLANG_WARN_STRICT_PROTOTYPES = YES;
				CLANG_WARN_SUSPICIOUS_MOVE = YES;
				CLANG_WARN_UNGUARDED_AVAILABILITY = YES_AGGRESSIVE;
				CLANG_WARN_UNREACHABLE_CODE = YES;
				CLANG_WARN__DUPLICATE_METHOD_MATCH = YES;
				CODE_SIGN_IDENTITY = "iPhone Developer";
				COPY_PHASE_STRIP = NO;
				DEBUG_INFORMATION_FORMAT = dwarf;
				ENABLE_STRICT_OBJC_MSGSEND = YES;
				ENABLE_TESTABILITY = YES;
				GCC_C_LANGUAGE_STANDARD = gnu11;
				GCC_DYNAMIC_NO_PIC = NO;
				GCC_NO_COMMON_BLOCKS = YES;
				GCC_OPTIMIZATION_LEVEL = 0;
				GCC_PREPROCESSOR_DEFINITIONS = (
					"DEBUG=1",
					"$(inherited)",
				);
				GCC_WARN_64_TO_32_BIT_CONVERSION = YES;
				GCC_WARN_ABOUT_RETURN_TYPE = YES_ERROR;
				GCC_WARN_UNDECLARED_SELECTOR = YES;
				GCC_WARN_UNINITIALIZED_AUTOS = YES_AGGRESSIVE;
				GCC_WARN_UNUSED_FUNCTION = YES;
				GCC_WARN_UNUSED_VARIABLE = YES;
				IPHONEOS_DEPLOYMENT_TARGET = 12.0;
				MTL_ENABLE_DEBUG_INFO = INCLUDE_SOURCE;
				MTL_FAST_MATH = YES;
				ONLY_ACTIVE_ARCH = YES;
				SDKROOT = iphoneos;
				SWIFT_ACTIVE_COMPILATION_CONDITIONS = DEBUG;
				SWIFT_OPTIMIZATION_LEVEL = "-Onone";
			};
			name = Debug;
		};
		956AF46921694BE8009E6A16 /* Release */ = {
			isa = XCBuildConfiguration;
			buildSettings = {
				ALWAYS_SEARCH_USER_PATHS = NO;
				CLANG_ANALYZER_NONNULL = YES;
				CLANG_ANALYZER_NUMBER_OBJECT_CONVERSION = YES_AGGRESSIVE;
				CLANG_CXX_LANGUAGE_STANDARD = "gnu++14";
				CLANG_CXX_LIBRARY = "libc++";
				CLANG_ENABLE_MODULES = YES;
				CLANG_ENABLE_OBJC_ARC = YES;
				CLANG_ENABLE_OBJC_WEAK = YES;
				CLANG_WARN_BLOCK_CAPTURE_AUTORELEASING = YES;
				CLANG_WARN_BOOL_CONVERSION = YES;
				CLANG_WARN_COMMA = YES;
				CLANG_WARN_CONSTANT_CONVERSION = YES;
				CLANG_WARN_DEPRECATED_OBJC_IMPLEMENTATIONS = YES;
				CLANG_WARN_DIRECT_OBJC_ISA_USAGE = YES_ERROR;
				CLANG_WARN_DOCUMENTATION_COMMENTS = YES;
				CLANG_WARN_EMPTY_BODY = YES;
				CLANG_WARN_ENUM_CONVERSION = YES;
				CLANG_WARN_INFINITE_RECURSION = YES;
				CLANG_WARN_INT_CONVERSION = YES;
				CLANG_WARN_NON_LITERAL_NULL_CONVERSION = YES;
				CLANG_WARN_OBJC_IMPLICIT_RETAIN_SELF = YES;
				CLANG_WARN_OBJC_LITERAL_CONVERSION = YES;
				CLANG_WARN_OBJC_ROOT_CLASS = YES_ERROR;
				CLANG_WARN_RANGE_LOOP_ANALYSIS = YES;
				CLANG_WARN_STRICT_PROTOTYPES = YES;
				CLANG_WARN_SUSPICIOUS_MOVE = YES;
				CLANG_WARN_UNGUARDED_AVAILABILITY = YES_AGGRESSIVE;
				CLANG_WARN_UNREACHABLE_CODE = YES;
				CLANG_WARN__DUPLICATE_METHOD_MATCH = YES;
				CODE_SIGN_IDENTITY = "iPhone Developer";
				COPY_PHASE_STRIP = NO;
				DEBUG_INFORMATION_FORMAT = "dwarf-with-dsym";
				ENABLE_NS_ASSERTIONS = NO;
				ENABLE_STRICT_OBJC_MSGSEND = YES;
				GCC_C_LANGUAGE_STANDARD = gnu11;
				GCC_NO_COMMON_BLOCKS = YES;
				GCC_WARN_64_TO_32_BIT_CONVERSION = YES;
				GCC_WARN_ABOUT_RETURN_TYPE = YES_ERROR;
				GCC_WARN_UNDECLARED_SELECTOR = YES;
				GCC_WARN_UNINITIALIZED_AUTOS = YES_AGGRESSIVE;
				GCC_WARN_UNUSED_FUNCTION = YES;
				GCC_WARN_UNUSED_VARIABLE = YES;
				IPHONEOS_DEPLOYMENT_TARGET = 12.0;
				MTL_ENABLE_DEBUG_INFO = NO;
				MTL_FAST_MATH = YES;
				SDKROOT = iphoneos;
				SWIFT_COMPILATION_MODE = wholemodule;
				SWIFT_OPTIMIZATION_LEVEL = "-O";
				VALIDATE_PRODUCT = YES;
			};
			name = Release;
		};
		956AF46B21694BE8009E6A16 /* Debug */ = {
			isa = XCBuildConfiguration;
			buildSettings = {
				ASSETCATALOG_COMPILER_APPICON_NAME = AppIcon;
				CODE_SIGN_STYLE = Automatic;
				DEVELOPMENT_TEAM = P4VY75PX6C;
				INFOPLIST_FILE = "$(SRCROOT)/IssProject/Misc/Info.plist";
				LD_RUNPATH_SEARCH_PATHS = (
					"$(inherited)",
					"@executable_path/Frameworks",
				);
				PRODUCT_BUNDLE_IDENTIFIER = ma.xpi.beni.hicham.IssProject;
				PRODUCT_NAME = "$(TARGET_NAME)";
				SWIFT_VERSION = 4.2;
				TARGETED_DEVICE_FAMILY = "1,2";
			};
			name = Debug;
		};
		956AF46C21694BE8009E6A16 /* Release */ = {
			isa = XCBuildConfiguration;
			buildSettings = {
				ASSETCATALOG_COMPILER_APPICON_NAME = AppIcon;
				CODE_SIGN_STYLE = Automatic;
				DEVELOPMENT_TEAM = P4VY75PX6C;
				INFOPLIST_FILE = "$(SRCROOT)/IssProject/Misc/Info.plist";
				LD_RUNPATH_SEARCH_PATHS = (
					"$(inherited)",
					"@executable_path/Frameworks",
				);
				PRODUCT_BUNDLE_IDENTIFIER = ma.xpi.beni.hicham.IssProject;
				PRODUCT_NAME = "$(TARGET_NAME)";
				SWIFT_VERSION = 4.2;
				TARGETED_DEVICE_FAMILY = "1,2";
			};
			name = Release;
		};
/* End XCBuildConfiguration section */

/* Begin XCConfigurationList section */
		956AF45321694BE6009E6A16 /* Build configuration list for PBXProject "IssProject" */ = {
			isa = XCConfigurationList;
			buildConfigurations = (
				956AF46821694BE8009E6A16 /* Debug */,
				956AF46921694BE8009E6A16 /* Release */,
			);
			defaultConfigurationIsVisible = 0;
			defaultConfigurationName = Release;
		};
		956AF46A21694BE8009E6A16 /* Build configuration list for PBXNativeTarget "IssProject" */ = {
			isa = XCConfigurationList;
			buildConfigurations = (
				956AF46B21694BE8009E6A16 /* Debug */,
				956AF46C21694BE8009E6A16 /* Release */,
			);
			defaultConfigurationIsVisible = 0;
			defaultConfigurationName = Release;
		};
/* End XCConfigurationList section */
	};
	rootObject = 956AF45021694BE6009E6A16 /* Project object */;
}
